
Microsoft Visual Studio Solution File, Format Version 12.00
# Visual Studio Version 17
VisualStudioVersion = 17.8.34330.188
MinimumVisualStudioVersion = 10.0.40219.1
Project("{9A19103F-16F7-4668-BE54-9A1E7A4F7556}") = "Calculator_2", "Calculator_2\Calculator_2.csproj", "{5E2D904C-4A12-4E20-B70B-D56162857A97}"
EndProject
Project("{FAE04EC0-301F-11D3-BF4B-00C04F79EFBC}") = "Calculation", "Calculation\Calculation.csproj", "{D18F3C32-00BE-4F9D-9D69-BE12D2974AF3}"
EndProject
Global
	GlobalSection(SolutionConfigurationPlatforms) = preSolution
		Debug|Any CPU = Debug|Any CPU
		Release|Any CPU = Release|Any CPU
	EndGlobalSection
	GlobalSection(ProjectConfigurationPlatforms) = postSolution
		{5E2D904C-4A12-4E20-B70B-D56162857A97}.Debug|Any CPU.ActiveCfg = Debug|Any CPU
		{5E2D904C-4A12-4E20-B70B-D56162857A97}.Debug|Any CPU.Build.0 = Debug|Any CPU
		{5E2D904C-4A12-4E20-B70B-D56162857A97}.Release|Any CPU.ActiveCfg = Release|Any CPU
		{5E2D904C-4A12-4E20-B70B-D56162857A97}.Release|Any CPU.Build.0 = Release|Any CPU
		{D18F3C32-00BE-4F9D-9D69-BE12D2974AF3}.Debug|Any CPU.ActiveCfg = Debug|Any CPU
		{D18F3C32-00BE-4F9D-9D69-BE12D2974AF3}.Debug|Any CPU.Build.0 = Debug|Any CPU
		{D18F3C32-00BE-4F9D-9D69-BE12D2974AF3}.Release|Any CPU.ActiveCfg = Release|Any CPU
		{D18F3C32-00BE-4F9D-9D69-BE12D2974AF3}.Release|Any CPU.Build.0 = Release|Any CPU
	EndGlobalSection
	GlobalSection(SolutionProperties) = preSolution
		HideSolutionNode = FALSE
	EndGlobalSection
	GlobalSection(ExtensibilityGlobals) = postSolution
		SolutionGuid = {9A09E91B-86CD-4A32-906F-3FB23B7A6FBC}
	EndGlobalSection
EndGlobal
